
Microsoft Visual Studio Solution File, Format Version 12.00
# Visual Studio Version 17
VisualStudioVersion = 17.8.34511.84
MinimumVisualStudioVersion = 10.0.40219.1
Project("{FAE04EC0-301F-11D3-BF4B-00C04F79EFBC}") = "biblioteka_2lrrpm.Android", "biblioteka_2lrrpm\biblioteka_2lrrpm.Android\biblioteka_2lrrpm.Android.csproj", "{FC3E16A0-E4F1-4B00-A6A7-A22811CBAE4F}"
EndProject
Project("{FAE04EC0-301F-11D3-BF4B-00C04F79EFBC}") = "biblioteka_2lrrpm", "biblioteka_2lrrpm\biblioteka_2lrrpm\biblioteka_2lrrpm.csproj", "{0CB258C6-6C2A-4B51-B7E9-53D0A5AEF97E}"
EndProject
Global
	GlobalSection(SolutionConfigurationPlatforms) = preSolution
		Debug|Any CPU = Debug|Any CPU
		Release|Any CPU = Release|Any CPU
	EndGlobalSection
	GlobalSection(ProjectConfigurationPlatforms) = postSolution
		{FC3E16A0-E4F1-4B00-A6A7-A22811CBAE4F}.Debug|Any CPU.ActiveCfg = Debug|Any CPU
		{FC3E16A0-E4F1-4B00-A6A7-A22811CBAE4F}.Debug|Any CPU.Build.0 = Debug|Any CPU
		{FC3E16A0-E4F1-4B00-A6A7-A22811CBAE4F}.Debug|Any CPU.Deploy.0 = Debug|Any CPU
		{FC3E16A0-E4F1-4B00-A6A7-A22811CBAE4F}.Release|Any CPU.ActiveCfg = Release|Any CPU
		{FC3E16A0-E4F1-4B00-A6A7-A22811CBAE4F}.Release|Any CPU.Build.0 = Release|Any CPU
		{FC3E16A0-E4F1-4B00-A6A7-A22811CBAE4F}.Release|Any CPU.Deploy.0 = Release|Any CPU
		{0CB258C6-6C2A-4B51-B7E9-53D0A5AEF97E}.Debug|Any CPU.ActiveCfg = Debug|Any CPU
		{0CB258C6-6C2A-4B51-B7E9-53D0A5AEF97E}.Debug|Any CPU.Build.0 = Debug|Any CPU
		{0CB258C6-6C2A-4B51-B7E9-53D0A5AEF97E}.Debug|Any CPU.Deploy.0 = Debug|Any CPU
		{0CB258C6-6C2A-4B51-B7E9-53D0A5AEF97E}.Release|Any CPU.ActiveCfg = Release|Any CPU
		{0CB258C6-6C2A-4B51-B7E9-53D0A5AEF97E}.Release|Any CPU.Build.0 = Release|Any CPU
		{0CB258C6-6C2A-4B51-B7E9-53D0A5AEF97E}.Release|Any CPU.Deploy.0 = Release|Any CPU
	EndGlobalSection
	GlobalSection(SolutionProperties) = preSolution
		HideSolutionNode = FALSE
	EndGlobalSection
	GlobalSection(ExtensibilityGlobals) = postSolution
		SolutionGuid = {994AF463-49D2-43BE-BE0C-30F6AA67FE6A}
	EndGlobalSection
EndGlobal
